
Microsoft Visual Studio Solution File, Format Version 11.00
# Visual C# Express 2010
Project("{FAE04EC0-301F-11D3-BF4B-00C04F79EFBC}") = "Engine", "Engine\Engine.csproj", "{F552C095-CF3A-42F0-A8B3-DDB213854AEA}"
EndProject
Global
	GlobalSection(SolutionConfigurationPlatforms) = preSolution
		Debug|Any CPU = Debug|Any CPU
		Release|Any CPU = Release|Any CPU
	EndGlobalSection
	GlobalSection(ProjectConfigurationPlatforms) = postSolution
		{F552C095-CF3A-42F0-A8B3-DDB213854AEA}.Debug|Any CPU.ActiveCfg = Debug|Any CPU
		{F552C095-CF3A-42F0-A8B3-DDB213854AEA}.Debug|Any CPU.Build.0 = Debug|Any CPU
		{F552C095-CF3A-42F0-A8B3-DDB213854AEA}.Release|Any CPU.ActiveCfg = Release|Any CPU
		{F552C095-CF3A-42F0-A8B3-DDB213854AEA}.Release|Any CPU.Build.0 = Release|Any CPU
	EndGlobalSection
	GlobalSection(SolutionProperties) = preSolution
		HideSolutionNode = FALSE
	EndGlobalSection
EndGlobal
